<?xml version="1.0" encoding="utf-8"?>
<Project ToolsVersion="4.0" xmlns="http://schemas.microsoft.com/developer/msbuild/2003">
  <ItemGroup>
    <Filter Include="Source Files">
      <UniqueIdentifier>{4FC737F1-C7A5-4376-A066-2A32D752A2FF}</UniqueIdentifier>
      <Extensions>cpp;c;cc;cxx;c++;cppm;ixx;def;odl;idl;hpj;bat;asm;asmx</Extensions>
    </Filter>
    <Filter Include="Header Files">
      <UniqueIdentifier>{93995380-89BD-4b04-88EB-625FBE52EBFB}</UniqueIdentifier>
      <Extensions>h;hh;hpp;hxx;h++;hm;inl;inc;ipp;xsd</Extensions>
    </Filter>
    <Filter Include="Resource Files">
      <UniqueIdentifier>{67DA6AB6-F800-4c08-8B7A-83BB121AAD01}</UniqueIdentifier>
      <Extensions>rc;ico;cur;bmp;dlg;rc2;rct;bin;rgs;gif;jpg;jpeg;jpe;resx;tiff;tif;png;wav;mfcribbon-ms</Extensions>
    </Filter>
  </ItemGroup>
  <ItemGroup>
    <ClCompile Include="peppermint.cpp">
      <Filter>Source Files</Filter>
    </ClCompile>
    <ClCompile Include="peppermint\include\glad\glad.c">
      <Filter>Source Files</Filter>
    </ClCompile>
    <ClCompile Include="peppermint\include\stb_image\stb_image.cpp">
      <Filter>Source Files</Filter>
    </ClCompile>
    <ClCompile Include="peppermint\src\managers\WindowManager.cpp">
      <Filter>Source Files</Filter>
    </ClCompile>
    <ClCompile Include="peppermint\src\managers\EngineManager.cpp">
      <Filter>Source Files</Filter>
    </ClCompile>
    <ClCompile Include="peppermint\src\managers\LogManager.cpp">
      <Filter>Source Files</Filter>
    </ClCompile>
    <ClCompile Include="peppermint\src\managers\RenderManager.cpp">
      <Filter>Source Files</Filter>
    </ClCompile>
    <ClCompile Include="peppermint\src\classes\Window.cpp">
      <Filter>Source Files</Filter>
    </ClCompile>
    <ClCompile Include="peppermint\src\classes\rendering\RenderQueue.cpp">
      <Filter>Source Files</Filter>
    </ClCompile>
    <ClCompile Include="peppermint\src\managers\WorldManager.cpp">
      <Filter>Source Files</Filter>
    </ClCompile>
    <ClCompile Include="peppermint\src\classes\game\GameObject.cpp">
      <Filter>Source Files</Filter>
    </ClCompile>
    <ClCompile Include="peppermint\src\classes\game\Component.cpp">
      <Filter>Source Files</Filter>
    </ClCompile>
    <ClCompile Include="peppermint\src\classes\game\components\Transform.cpp">
      <Filter>Source Files</Filter>
    </ClCompile>
    <ClCompile Include="peppermint\src\classes\game\components\Camera.cpp">
      <Filter>Source Files</Filter>
    </ClCompile>
    <ClCompile Include="peppermint\src\classes\game\components\renderers\Renderer.cpp">
      <Filter>Source Files</Filter>
    </ClCompile>
    <ClCompile Include="peppermint\src\classes\rendering\Mesh.cpp">
      <Filter>Source Files</Filter>
    </ClCompile>
    <ClCompile Include="peppermint\src\classes\rendering\Shader.cpp">
      <Filter>Source Files</Filter>
    </ClCompile>
    <ClCompile Include="peppermint\src\classes\rendering\Tileset.cpp">
      <Filter>Source Files</Filter>
    </ClCompile>
    <ClCompile Include="peppermint\src\classes\rendering\Texture.cpp">
      <Filter>Source Files</Filter>
    </ClCompile>
    <ClCompile Include="peppermint\src\classes\rendering\TextureSet.cpp">
      <Filter>Source Files</Filter>
    </ClCompile>
    <ClCompile Include="peppermint\src\classes\game\components\renderers\TilesetRenderer.cpp">
      <Filter>Source Files</Filter>
    </ClCompile>
    <ClCompile Include="peppermint\src\managers\InputManager.cpp">
      <Filter>Source Files</Filter>
    </ClCompile>
    <ClCompile Include="peppermint\src\classes\game\components\PlayerController.cpp">
      <Filter>Source Files</Filter>
    </ClCompile>
    <ClCompile Include="peppermint\src\classes\game\components\renderers\BasicPlayerRenderer.cpp">
      <Filter>Source Files</Filter>
    </ClCompile>
    <ClCompile Include="peppermint\src\classes\game\TilesetAnimation.cpp">
      <Filter>Source Files</Filter>
    </ClCompile>
    <ClCompile Include="peppermint\src\managers\AssetManager.cpp">
      <Filter>Source Files</Filter>
    </ClCompile>
    <ClCompile Include="peppermint\src\classes\Asset.cpp">
      <Filter>Source Files</Filter>
    </ClCompile>
    <ClCompile Include="peppermint\src\Serialisable.cpp">
      <Filter>Source Files</Filter>
    </ClCompile>
    <ClCompile Include="peppermint\src\classes\game\components\renderers\AnimatedTilesetRenderer.cpp">
      <Filter>Source Files</Filter>
    </ClCompile>
    <ClCompile Include="peppermint\src\classes\game\components\WarpTile.cpp">
      <Filter>Source Files</Filter>
    </ClCompile>
    <ClCompile Include="peppermint\src\classes\game\components\renderers\SpriteRenderer.cpp">
      <Filter>Source Files</Filter>
    </ClCompile>
    <ClCompile Include="peppermint\src\managers\SoundManager.cpp">
      <Filter>Source Files</Filter>
    </ClCompile>
    <ClCompile Include="peppermint\src\classes\sound\SoundDevice.cpp">
      <Filter>Source Files</Filter>
    </ClCompile>
    <ClCompile Include="peppermint\src\classes\sound\SoundBufferManager.cpp">
      <Filter>Source Files</Filter>
    </ClCompile>
    <ClCompile Include="peppermint\src\classes\game\components\SoundSource.cpp">
      <Filter>Source Files</Filter>
    </ClCompile>
    <ClCompile Include="peppermint\src\classes\game\components\SoundListener.cpp">
      <Filter>Source Files</Filter>
    </ClCompile>
    <ClCompile Include="peppermint\src\classes\rendering\Text.cpp">
      <Filter>Source Files</Filter>
    </ClCompile>
    <ClCompile Include="peppermint\src\classes\game\components\renderers\TextRenderer.cpp">
      <Filter>Source Files</Filter>
    </ClCompile>
  </ItemGroup>
  <ItemGroup>
    <ClInclude Include="peppermint\include\stb_image\stb_image.h">
      <Filter>Header Files</Filter>
    </ClInclude>
    <ClInclude Include="peppermint\include\peppermint\managers\WindowManager.h">
      <Filter>Header Files</Filter>
    </ClInclude>
    <ClInclude Include="peppermint\include\peppermint\managers\EngineManager.h">
      <Filter>Header Files</Filter>
    </ClInclude>
    <ClInclude Include="peppermint\include\peppermint\managers\LogManager.h">
      <Filter>Header Files</Filter>
    </ClInclude>
    <ClInclude Include="peppermint\include\peppermint\managers\RenderManager.h">
      <Filter>Header Files</Filter>
    </ClInclude>
    <ClInclude Include="peppermint\include\peppermint\classes\Window.h">
      <Filter>Header Files</Filter>
    </ClInclude>
    <ClInclude Include="peppermint\include\peppermint\classes\rendering\RenderQueue.h">
      <Filter>Header Files</Filter>
    </ClInclude>
    <ClInclude Include="peppermint\include\peppermint\managers\WorldManager.h">
      <Filter>Header Files</Filter>
    </ClInclude>
    <ClInclude Include="peppermint\include\peppermint\classes\game\GameObject.h">
      <Filter>Header Files</Filter>
    </ClInclude>
    <ClInclude Include="peppermint\include\peppermint\classes\game\Component.h">
      <Filter>Header Files</Filter>
    </ClInclude>
    <ClInclude Include="peppermint\include\peppermint\classes\game\components\Transform.h">
      <Filter>Header Files</Filter>
    </ClInclude>
    <ClInclude Include="peppermint\include\peppermint\Exceptions.hpp">
      <Filter>Header Files</Filter>
    </ClInclude>
    <ClInclude Include="peppermint\include\peppermint\classes\game\components\Camera.h">
      <Filter>Header Files</Filter>
    </ClInclude>
    <ClInclude Include="peppermint\include\peppermint\classes\game\components\renderers\Renderer.h">
      <Filter>Header Files</Filter>
    </ClInclude>
    <ClInclude Include="peppermint\include\peppermint\classes\rendering\Mesh.h">
      <Filter>Header Files</Filter>
    </ClInclude>
    <ClInclude Include="peppermint\include\peppermint\classes\rendering\Shader.h">
      <Filter>Header Files</Filter>
    </ClInclude>
    <ClInclude Include="peppermint\include\peppermint\classes\rendering\Tileset.h">
      <Filter>Header Files</Filter>
    </ClInclude>
    <ClInclude Include="peppermint\include\peppermint\classes\rendering\Texture.h">
      <Filter>Header Files</Filter>
    </ClInclude>
    <ClInclude Include="peppermint\include\peppermint\classes\rendering\TextureSet.h">
      <Filter>Header Files</Filter>
    </ClInclude>
    <ClInclude Include="peppermint\include\peppermint\classes\game\components\renderers\TilesetRenderer.h">
      <Filter>Header Files</Filter>
    </ClInclude>
    <ClInclude Include="peppermint\include\peppermint\classes\game\components\NavigableMap.hpp">
      <Filter>Header Files</Filter>
    </ClInclude>
    <ClInclude Include="peppermint\include\peppermint\managers\InputManager.h">
      <Filter>Header Files</Filter>
    </ClInclude>
    <ClInclude Include="peppermint\include\peppermint\classes\game\components\PlayerController.h">
      <Filter>Header Files</Filter>
    </ClInclude>
    <ClInclude Include="peppermint\include\peppermint\classes\game\components\renderers\BasicPlayerRenderer.h">
      <Filter>Header Files</Filter>
    </ClInclude>
    <ClInclude Include="peppermint\include\peppermint\classes\game\TilesetAnimation.h">
      <Filter>Header Files</Filter>
    </ClInclude>
    <ClInclude Include="peppermint\include\peppermint\classes\rendering\TilesetAnimationStateInfomation.hpp">
      <Filter>Header Files</Filter>
    </ClInclude>
    <ClInclude Include="peppermint\include\peppermint\Serialisable.h">
      <Filter>Header Files</Filter>
    </ClInclude>
    <ClInclude Include="peppermint\include\peppermint\managers\AssetManager.h">
      <Filter>Header Files</Filter>
    </ClInclude>
    <ClInclude Include="peppermint\include\peppermint\classes\Asset.h">
      <Filter>Header Files</Filter>
    </ClInclude>
    <ClInclude Include="peppermint\include\peppermint\classes\game\components\renderers\AnimatedTilesetRenderer.h">
      <Filter>Header Files</Filter>
    </ClInclude>
    <ClInclude Include="resource.h">
      <Filter>Header Files</Filter>
    </ClInclude>
    <ClInclude Include="peppermint\include\peppermint\classes\game\components\WarpTile.h">
      <Filter>Header Files</Filter>
    </ClInclude>
    <ClInclude Include="peppermint\include\peppermint\classes\game\components\renderers\SpriteRenderer.h">
      <Filter>Header Files</Filter>
    </ClInclude>
    <ClInclude Include="peppermint\include\peppermint\classes\game\Toggleable.hpp">
      <Filter>Header Files</Filter>
    </ClInclude>
    <ClInclude Include="peppermint\include\peppermint\managers\SoundManager.h">
      <Filter>Header Files</Filter>
    </ClInclude>
    <ClInclude Include="peppermint\include\peppermint\classes\sound\SoundDevice.h">
      <Filter>Header Files</Filter>
    </ClInclude>
    <ClInclude Include="peppermint\include\peppermint\classes\sound\SoundBufferManager.h">
      <Filter>Header Files</Filter>
    </ClInclude>
    <ClInclude Include="peppermint\include\peppermint\classes\game\components\SoundSource.h">
      <Filter>Header Files</Filter>
    </ClInclude>
    <ClInclude Include="peppermint\include\peppermint\classes\game\components\SoundListener.h">
      <Filter>Header Files</Filter>
    </ClInclude>
    <ClInclude Include="peppermint\include\peppermint\classes\sound\ALErrorCheck.hpp">
      <Filter>Header Files</Filter>
    </ClInclude>
    <ClInclude Include="peppermint\include\peppermint\classes\rendering\Text.h">
      <Filter>Header Files</Filter>
    </ClInclude>
    <ClInclude Include="peppermint\include\peppermint\classes\game\components\renderers\TextRenderer.h">
      <Filter>Header Files</Filter>
    </ClInclude>
  </ItemGroup>
  <ItemGroup>
    <None Include="peppermint\resource\shader\vertex\default.vert" />
    <None Include="peppermint\resource\shader\fragment\default.frag" />
    <None Include="peppermint\resource\shader\fragment\text.frag" />
  </ItemGroup>
  <ItemGroup>
    <ResourceCompile Include="peppermint.rc">
      <Filter>Resource Files</Filter>
    </ResourceCompile>
  </ItemGroup>
  <ItemGroup>
    <Image Include="peppermint\resource\icon.png">
      <Filter>Resource Files</Filter>
    </Image>
    <Image Include="peppermint\resource\icon.ico">
      <Filter>Resource Files</Filter>
    </Image>
    <Image Include="peppermint\resource\icon1.ico">
      <Filter>Resource Files</Filter>
    </Image>
  </ItemGroup>
</Project>